
Microsoft Visual Studio Solution File, Format Version 12.00
# Visual Studio Version 16
VisualStudioVersion = 16.0.31205.134
MinimumVisualStudioVersion = 10.0.40219.1
Project("{FAE04EC0-301F-11D3-BF4B-00C04F79EFBC}") = "VogCodeChallenge.API", "VogCodeChallenge.API.csproj", "{0AB63BBE-7CBF-4BE0-BD27-043E11FEF2ED}"
EndProject
Project("{E53339B2-1760-4266-BCC7-CA923CBCF16C}") = "docker-compose", "docker-compose.dcproj", "{DA9E2EE6-30EB-4E15-A001-16527D4AF582}"
EndProject
Project("{FAE04EC0-301F-11D3-BF4B-00C04F79EFBC}") = "ConsoleApp1", "..\ConsoleApp1\ConsoleApp1.csproj", "{FB204DCA-807A-4D32-858B-3A9BD6410BE8}"
EndProject
Global
	GlobalSection(SolutionConfigurationPlatforms) = preSolution
		Debug|Any CPU = Debug|Any CPU
		Release|Any CPU = Release|Any CPU
	EndGlobalSection
	GlobalSection(ProjectConfigurationPlatforms) = postSolution
		{0AB63BBE-7CBF-4BE0-BD27-043E11FEF2ED}.Debug|Any CPU.ActiveCfg = Debug|Any CPU
		{0AB63BBE-7CBF-4BE0-BD27-043E11FEF2ED}.Debug|Any CPU.Build.0 = Debug|Any CPU
		{0AB63BBE-7CBF-4BE0-BD27-043E11FEF2ED}.Release|Any CPU.ActiveCfg = Release|Any CPU
		{0AB63BBE-7CBF-4BE0-BD27-043E11FEF2ED}.Release|Any CPU.Build.0 = Release|Any CPU
		{DA9E2EE6-30EB-4E15-A001-16527D4AF582}.Debug|Any CPU.ActiveCfg = Debug|Any CPU
		{DA9E2EE6-30EB-4E15-A001-16527D4AF582}.Debug|Any CPU.Build.0 = Debug|Any CPU
		{DA9E2EE6-30EB-4E15-A001-16527D4AF582}.Release|Any CPU.ActiveCfg = Release|Any CPU
		{DA9E2EE6-30EB-4E15-A001-16527D4AF582}.Release|Any CPU.Build.0 = Release|Any CPU
		{FB204DCA-807A-4D32-858B-3A9BD6410BE8}.Debug|Any CPU.ActiveCfg = Debug|Any CPU
		{FB204DCA-807A-4D32-858B-3A9BD6410BE8}.Debug|Any CPU.Build.0 = Debug|Any CPU
		{FB204DCA-807A-4D32-858B-3A9BD6410BE8}.Release|Any CPU.ActiveCfg = Release|Any CPU
		{FB204DCA-807A-4D32-858B-3A9BD6410BE8}.Release|Any CPU.Build.0 = Release|Any CPU
	EndGlobalSection
	GlobalSection(SolutionProperties) = preSolution
		HideSolutionNode = FALSE
	EndGlobalSection
	GlobalSection(ExtensibilityGlobals) = postSolution
		SolutionGuid = {993D8367-14CE-491F-9C1A-446767F58309}
	EndGlobalSection
EndGlobal
